
Microsoft Visual Studio Solution File, Format Version 12.00
# Visual Studio Version 16
VisualStudioVersion = 16.0.30711.63
MinimumVisualStudioVersion = 10.0.40219.1
Project("{9A19103F-16F7-4668-BE54-9A1E7A4F7556}") = "Practice", "Practice\Practice.csproj", "{9D748ACC-E577-40DC-99A2-8E4E55CEB402}"
EndProject
Project("{FAE04EC0-301F-11D3-BF4B-00C04F79EFBC}") = "StudentWebAPI", "StudentWebAPI\StudentWebAPI.csproj", "{33B7E72D-E5FA-4318-BC83-417FD51C10CC}"
EndProject
Global
	GlobalSection(SolutionConfigurationPlatforms) = preSolution
		Debug|Any CPU = Debug|Any CPU
		Release|Any CPU = Release|Any CPU
	EndGlobalSection
	GlobalSection(ProjectConfigurationPlatforms) = postSolution
		{9D748ACC-E577-40DC-99A2-8E4E55CEB402}.Debug|Any CPU.ActiveCfg = Debug|Any CPU
		{9D748ACC-E577-40DC-99A2-8E4E55CEB402}.Debug|Any CPU.Build.0 = Debug|Any CPU
		{9D748ACC-E577-40DC-99A2-8E4E55CEB402}.Release|Any CPU.ActiveCfg = Release|Any CPU
		{9D748ACC-E577-40DC-99A2-8E4E55CEB402}.Release|Any CPU.Build.0 = Release|Any CPU
		{33B7E72D-E5FA-4318-BC83-417FD51C10CC}.Debug|Any CPU.ActiveCfg = Debug|Any CPU
		{33B7E72D-E5FA-4318-BC83-417FD51C10CC}.Debug|Any CPU.Build.0 = Debug|Any CPU
		{33B7E72D-E5FA-4318-BC83-417FD51C10CC}.Release|Any CPU.ActiveCfg = Release|Any CPU
		{33B7E72D-E5FA-4318-BC83-417FD51C10CC}.Release|Any CPU.Build.0 = Release|Any CPU
	EndGlobalSection
	GlobalSection(SolutionProperties) = preSolution
		HideSolutionNode = FALSE
	EndGlobalSection
	GlobalSection(ExtensibilityGlobals) = postSolution
		SolutionGuid = {F0F200D3-F43F-4590-B0C6-09D604564DB8}
	EndGlobalSection
EndGlobal
