
Microsoft Visual Studio Solution File, Format Version 12.00
# Visual Studio Version 16
VisualStudioVersion = 16.0.30517.126
MinimumVisualStudioVersion = 10.0.40219.1
Project("{FAE04EC0-301F-11D3-BF4B-00C04F79EFBC}") = "02_Excercisel2", "02_Excercisel2\02_Excercisel2.csproj", "{EF06CF0D-9518-481D-BEE7-061222D9DCDF}"
EndProject
Global
	GlobalSection(SolutionConfigurationPlatforms) = preSolution
		Debug|Any CPU = Debug|Any CPU
		Release|Any CPU = Release|Any CPU
	EndGlobalSection
	GlobalSection(ProjectConfigurationPlatforms) = postSolution
		{EF06CF0D-9518-481D-BEE7-061222D9DCDF}.Debug|Any CPU.ActiveCfg = Debug|Any CPU
		{EF06CF0D-9518-481D-BEE7-061222D9DCDF}.Debug|Any CPU.Build.0 = Debug|Any CPU
		{EF06CF0D-9518-481D-BEE7-061222D9DCDF}.Release|Any CPU.ActiveCfg = Release|Any CPU
		{EF06CF0D-9518-481D-BEE7-061222D9DCDF}.Release|Any CPU.Build.0 = Release|Any CPU
	EndGlobalSection
	GlobalSection(SolutionProperties) = preSolution
		HideSolutionNode = FALSE
	EndGlobalSection
	GlobalSection(ExtensibilityGlobals) = postSolution
		SolutionGuid = {429E8D45-64DE-460A-98F7-4F952CD67155}
	EndGlobalSection
EndGlobal
