
Microsoft Visual Studio Solution File, Format Version 12.00
# Visual Studio Version 16
VisualStudioVersion = 16.0.30523.141
MinimumVisualStudioVersion = 10.0.40219.1
Project("{FAE04EC0-301F-11D3-BF4B-00C04F79EFBC}") = "05_Exercise", "05_Exercise\05_Exercise.csproj", "{0B59BA97-FCF0-4EB0-A3C4-0BD3CC4A54EC}"
EndProject
Global
	GlobalSection(SolutionConfigurationPlatforms) = preSolution
		Debug|Any CPU = Debug|Any CPU
		Release|Any CPU = Release|Any CPU
	EndGlobalSection
	GlobalSection(ProjectConfigurationPlatforms) = postSolution
		{0B59BA97-FCF0-4EB0-A3C4-0BD3CC4A54EC}.Debug|Any CPU.ActiveCfg = Debug|Any CPU
		{0B59BA97-FCF0-4EB0-A3C4-0BD3CC4A54EC}.Debug|Any CPU.Build.0 = Debug|Any CPU
		{0B59BA97-FCF0-4EB0-A3C4-0BD3CC4A54EC}.Release|Any CPU.ActiveCfg = Release|Any CPU
		{0B59BA97-FCF0-4EB0-A3C4-0BD3CC4A54EC}.Release|Any CPU.Build.0 = Release|Any CPU
	EndGlobalSection
	GlobalSection(SolutionProperties) = preSolution
		HideSolutionNode = FALSE
	EndGlobalSection
	GlobalSection(ExtensibilityGlobals) = postSolution
		SolutionGuid = {59F3DB12-4447-405E-B705-E56BC9175002}
	EndGlobalSection
EndGlobal
